
Microsoft Visual Studio Solution File, Format Version 12.00
# Visual Studio 15
VisualStudioVersion = 15.0.27130.2010
MinimumVisualStudioVersion = 10.0.40219.1
Project("{FAE04EC0-301F-11D3-BF4B-00C04F79EFBC}") = "Contacts", "Contacts\Contacts.csproj", "{A8D12222-07C6-4551-8766-4E4E676D7C69}"
EndProject
Project("{FAE04EC0-301F-11D3-BF4B-00C04F79EFBC}") = "ContactClass", "ContactClass\ContactClass.csproj", "{9F6CFAED-A44A-4EF8-B83A-655A600BC4D6}"
EndProject
Global
	GlobalSection(SolutionConfigurationPlatforms) = preSolution
		Debug|Any CPU = Debug|Any CPU
		Release|Any CPU = Release|Any CPU
	EndGlobalSection
	GlobalSection(ProjectConfigurationPlatforms) = postSolution
		{A8D12222-07C6-4551-8766-4E4E676D7C69}.Debug|Any CPU.ActiveCfg = Debug|Any CPU
		{A8D12222-07C6-4551-8766-4E4E676D7C69}.Debug|Any CPU.Build.0 = Debug|Any CPU
		{A8D12222-07C6-4551-8766-4E4E676D7C69}.Release|Any CPU.ActiveCfg = Release|Any CPU
		{A8D12222-07C6-4551-8766-4E4E676D7C69}.Release|Any CPU.Build.0 = Release|Any CPU
		{9F6CFAED-A44A-4EF8-B83A-655A600BC4D6}.Debug|Any CPU.ActiveCfg = Debug|Any CPU
		{9F6CFAED-A44A-4EF8-B83A-655A600BC4D6}.Debug|Any CPU.Build.0 = Debug|Any CPU
		{9F6CFAED-A44A-4EF8-B83A-655A600BC4D6}.Release|Any CPU.ActiveCfg = Release|Any CPU
		{9F6CFAED-A44A-4EF8-B83A-655A600BC4D6}.Release|Any CPU.Build.0 = Release|Any CPU
	EndGlobalSection
	GlobalSection(SolutionProperties) = preSolution
		HideSolutionNode = FALSE
	EndGlobalSection
	GlobalSection(ExtensibilityGlobals) = postSolution
		SolutionGuid = {2CBB8304-4FCB-4C19-B0BE-B9F61FA3B5C8}
	EndGlobalSection
EndGlobal
